
Microsoft Visual Studio Solution File, Format Version 12.00
# Visual Studio 15
VisualStudioVersion = 15.0.26124.0
MinimumVisualStudioVersion = 15.0.26124.0
Project("{2150E333-8FDC-42A3-9474-1A3956D46DE8}") = "src", "src", "{51C20645-8360-4BD4-91D9-E6AA573F615A}"
EndProject
Project("{FAE04EC0-301F-11D3-BF4B-00C04F79EFBC}") = "GradeBook", "src\GradeBook\GradeBook.csproj", "{69C1FA80-3196-4993-897E-6CD651652367}"
EndProject
Project("{2150E333-8FDC-42A3-9474-1A3956D46DE8}") = "test", "test", "{01FD870B-402E-4E1A-9047-4A0F1CBF72BE}"
EndProject
Project("{FAE04EC0-301F-11D3-BF4B-00C04F79EFBC}") = "GradeBook.Tests", "test\GradeBook.Tests\GradeBook.Tests.csproj", "{A2CA4A30-6CE8-4B2B-A1F2-BA2AA08B5460}"
EndProject
Global
	GlobalSection(SolutionConfigurationPlatforms) = preSolution
		Debug|Any CPU = Debug|Any CPU
		Debug|x64 = Debug|x64
		Debug|x86 = Debug|x86
		Release|Any CPU = Release|Any CPU
		Release|x64 = Release|x64
		Release|x86 = Release|x86
	EndGlobalSection
	GlobalSection(SolutionProperties) = preSolution
		HideSolutionNode = FALSE
	EndGlobalSection
	GlobalSection(ProjectConfigurationPlatforms) = postSolution
		{69C1FA80-3196-4993-897E-6CD651652367}.Debug|Any CPU.ActiveCfg = Debug|Any CPU
		{69C1FA80-3196-4993-897E-6CD651652367}.Debug|Any CPU.Build.0 = Debug|Any CPU
		{69C1FA80-3196-4993-897E-6CD651652367}.Debug|x64.ActiveCfg = Debug|Any CPU
		{69C1FA80-3196-4993-897E-6CD651652367}.Debug|x64.Build.0 = Debug|Any CPU
		{69C1FA80-3196-4993-897E-6CD651652367}.Debug|x86.ActiveCfg = Debug|Any CPU
		{69C1FA80-3196-4993-897E-6CD651652367}.Debug|x86.Build.0 = Debug|Any CPU
		{69C1FA80-3196-4993-897E-6CD651652367}.Release|Any CPU.ActiveCfg = Release|Any CPU
		{69C1FA80-3196-4993-897E-6CD651652367}.Release|Any CPU.Build.0 = Release|Any CPU
		{69C1FA80-3196-4993-897E-6CD651652367}.Release|x64.ActiveCfg = Release|Any CPU
		{69C1FA80-3196-4993-897E-6CD651652367}.Release|x64.Build.0 = Release|Any CPU
		{69C1FA80-3196-4993-897E-6CD651652367}.Release|x86.ActiveCfg = Release|Any CPU
		{69C1FA80-3196-4993-897E-6CD651652367}.Release|x86.Build.0 = Release|Any CPU
		{A2CA4A30-6CE8-4B2B-A1F2-BA2AA08B5460}.Debug|Any CPU.ActiveCfg = Debug|Any CPU
		{A2CA4A30-6CE8-4B2B-A1F2-BA2AA08B5460}.Debug|Any CPU.Build.0 = Debug|Any CPU
		{A2CA4A30-6CE8-4B2B-A1F2-BA2AA08B5460}.Debug|x64.ActiveCfg = Debug|Any CPU
		{A2CA4A30-6CE8-4B2B-A1F2-BA2AA08B5460}.Debug|x64.Build.0 = Debug|Any CPU
		{A2CA4A30-6CE8-4B2B-A1F2-BA2AA08B5460}.Debug|x86.ActiveCfg = Debug|Any CPU
		{A2CA4A30-6CE8-4B2B-A1F2-BA2AA08B5460}.Debug|x86.Build.0 = Debug|Any CPU
		{A2CA4A30-6CE8-4B2B-A1F2-BA2AA08B5460}.Release|Any CPU.ActiveCfg = Release|Any CPU
		{A2CA4A30-6CE8-4B2B-A1F2-BA2AA08B5460}.Release|Any CPU.Build.0 = Release|Any CPU
		{A2CA4A30-6CE8-4B2B-A1F2-BA2AA08B5460}.Release|x64.ActiveCfg = Release|Any CPU
		{A2CA4A30-6CE8-4B2B-A1F2-BA2AA08B5460}.Release|x64.Build.0 = Release|Any CPU
		{A2CA4A30-6CE8-4B2B-A1F2-BA2AA08B5460}.Release|x86.ActiveCfg = Release|Any CPU
		{A2CA4A30-6CE8-4B2B-A1F2-BA2AA08B5460}.Release|x86.Build.0 = Release|Any CPU
	EndGlobalSection
	GlobalSection(NestedProjects) = preSolution
		{69C1FA80-3196-4993-897E-6CD651652367} = {51C20645-8360-4BD4-91D9-E6AA573F615A}
		{A2CA4A30-6CE8-4B2B-A1F2-BA2AA08B5460} = {01FD870B-402E-4E1A-9047-4A0F1CBF72BE}
	EndGlobalSection
EndGlobal
